
Microsoft Visual Studio Solution File, Format Version 12.00
# Visual Studio Version 17
VisualStudioVersion = 17.1.32319.34
MinimumVisualStudioVersion = 10.0.40219.1
Project("{FAE04EC0-301F-11D3-BF4B-00C04F79EFBC}") = "CauTruc_Lenh", "CauTruc_Lenh\CauTruc_Lenh.csproj", "{FDBB4059-96CB-458F-BA3A-705ACFFC228D}"
EndProject
Global
	GlobalSection(SolutionConfigurationPlatforms) = preSolution
		Debug|Any CPU = Debug|Any CPU
		Release|Any CPU = Release|Any CPU
	EndGlobalSection
	GlobalSection(ProjectConfigurationPlatforms) = postSolution
		{FDBB4059-96CB-458F-BA3A-705ACFFC228D}.Debug|Any CPU.ActiveCfg = Debug|Any CPU
		{FDBB4059-96CB-458F-BA3A-705ACFFC228D}.Debug|Any CPU.Build.0 = Debug|Any CPU
		{FDBB4059-96CB-458F-BA3A-705ACFFC228D}.Release|Any CPU.ActiveCfg = Release|Any CPU
		{FDBB4059-96CB-458F-BA3A-705ACFFC228D}.Release|Any CPU.Build.0 = Release|Any CPU
	EndGlobalSection
	GlobalSection(SolutionProperties) = preSolution
		HideSolutionNode = FALSE
	EndGlobalSection
	GlobalSection(ExtensibilityGlobals) = postSolution
		SolutionGuid = {1E32F671-916D-455F-82DB-81E31FFD0B73}
	EndGlobalSection
EndGlobal
